
Microsoft Visual Studio Solution File, Format Version 12.00
# Visual Studio Version 16
VisualStudioVersion = 16.0.30114.105
MinimumVisualStudioVersion = 10.0.40219.1
Project("{FAE04EC0-301F-11D3-BF4B-00C04F79EFBC}") = "WebApi", "WebApi\WebApi.csproj", "{F9623794-2A53-422F-A4BE-28FEE6E6342E}"
EndProject
Project("{FAE04EC0-301F-11D3-BF4B-00C04F79EFBC}") = "WebUI", "WebUI\WebUI.csproj", "{AB75602D-1D11-460F-A960-B317B7BE64CF}"
EndProject
Project("{FAE04EC0-301F-11D3-BF4B-00C04F79EFBC}") = "Data", "Data\Data.csproj", "{D385BA55-977F-42E5-AB19-CDB1DB751965}"
EndProject
Project("{FAE04EC0-301F-11D3-BF4B-00C04F79EFBC}") = "Business", "Business\Business.csproj", "{7B56C62C-5FAB-43C1-8DCF-63EA2E4C6CCD}"
EndProject
Project("{FAE04EC0-301F-11D3-BF4B-00C04F79EFBC}") = "Entity", "Entity\Entity.csproj", "{08197D41-432C-4B6B-A909-2CEA33D630F1}"
EndProject
Project("{FAE04EC0-301F-11D3-BF4B-00C04F79EFBC}") = "Core", "Core\Core.csproj", "{1BF7F6E4-E230-41BA-BC62-8BC3359E1640}"
EndProject
Global
	GlobalSection(SolutionConfigurationPlatforms) = preSolution
		Debug|Any CPU = Debug|Any CPU
		Release|Any CPU = Release|Any CPU
	EndGlobalSection
	GlobalSection(ProjectConfigurationPlatforms) = postSolution
		{F9623794-2A53-422F-A4BE-28FEE6E6342E}.Debug|Any CPU.ActiveCfg = Debug|Any CPU
		{F9623794-2A53-422F-A4BE-28FEE6E6342E}.Debug|Any CPU.Build.0 = Debug|Any CPU
		{F9623794-2A53-422F-A4BE-28FEE6E6342E}.Release|Any CPU.ActiveCfg = Release|Any CPU
		{F9623794-2A53-422F-A4BE-28FEE6E6342E}.Release|Any CPU.Build.0 = Release|Any CPU
		{AB75602D-1D11-460F-A960-B317B7BE64CF}.Debug|Any CPU.ActiveCfg = Debug|Any CPU
		{AB75602D-1D11-460F-A960-B317B7BE64CF}.Debug|Any CPU.Build.0 = Debug|Any CPU
		{AB75602D-1D11-460F-A960-B317B7BE64CF}.Release|Any CPU.ActiveCfg = Release|Any CPU
		{AB75602D-1D11-460F-A960-B317B7BE64CF}.Release|Any CPU.Build.0 = Release|Any CPU
		{D385BA55-977F-42E5-AB19-CDB1DB751965}.Debug|Any CPU.ActiveCfg = Debug|Any CPU
		{D385BA55-977F-42E5-AB19-CDB1DB751965}.Debug|Any CPU.Build.0 = Debug|Any CPU
		{D385BA55-977F-42E5-AB19-CDB1DB751965}.Release|Any CPU.ActiveCfg = Release|Any CPU
		{D385BA55-977F-42E5-AB19-CDB1DB751965}.Release|Any CPU.Build.0 = Release|Any CPU
		{7B56C62C-5FAB-43C1-8DCF-63EA2E4C6CCD}.Debug|Any CPU.ActiveCfg = Debug|Any CPU
		{7B56C62C-5FAB-43C1-8DCF-63EA2E4C6CCD}.Debug|Any CPU.Build.0 = Debug|Any CPU
		{7B56C62C-5FAB-43C1-8DCF-63EA2E4C6CCD}.Release|Any CPU.ActiveCfg = Release|Any CPU
		{7B56C62C-5FAB-43C1-8DCF-63EA2E4C6CCD}.Release|Any CPU.Build.0 = Release|Any CPU
		{08197D41-432C-4B6B-A909-2CEA33D630F1}.Debug|Any CPU.ActiveCfg = Debug|Any CPU
		{08197D41-432C-4B6B-A909-2CEA33D630F1}.Debug|Any CPU.Build.0 = Debug|Any CPU
		{08197D41-432C-4B6B-A909-2CEA33D630F1}.Release|Any CPU.ActiveCfg = Release|Any CPU
		{08197D41-432C-4B6B-A909-2CEA33D630F1}.Release|Any CPU.Build.0 = Release|Any CPU
		{1BF7F6E4-E230-41BA-BC62-8BC3359E1640}.Debug|Any CPU.ActiveCfg = Debug|Any CPU
		{1BF7F6E4-E230-41BA-BC62-8BC3359E1640}.Debug|Any CPU.Build.0 = Debug|Any CPU
		{1BF7F6E4-E230-41BA-BC62-8BC3359E1640}.Release|Any CPU.ActiveCfg = Release|Any CPU
		{1BF7F6E4-E230-41BA-BC62-8BC3359E1640}.Release|Any CPU.Build.0 = Release|Any CPU
	EndGlobalSection
	GlobalSection(SolutionProperties) = preSolution
		HideSolutionNode = FALSE
	EndGlobalSection
	GlobalSection(ExtensibilityGlobals) = postSolution
		SolutionGuid = {8D6D284F-1337-4C5B-9008-9CFDEAF17010}
	EndGlobalSection
EndGlobal
